
Microsoft Visual Studio Solution File, Format Version 12.00
Project("{FAE04EC0-301F-11D3-BF4B-00C04F79EFBC}") = "src", "src\src.csproj", "{7A17F061-5757-4F00-9FEA-0AC3355015AB}"
EndProject
Project("{FAE04EC0-301F-11D3-BF4B-00C04F79EFBC}") = "ConsoleTest", "ConsoleTest\ConsoleTest.csproj", "{A40DB0A9-C446-4048-8FEA-1C1184A3F9BB}"
EndProject
Project("{FAE04EC0-301F-11D3-BF4B-00C04F79EFBC}") = "EmberAPI", "EmberAPI\EmberAPI.csproj", "{C0B1306C-016D-4553-8A08-5B32B510E099}"
EndProject
Global
	GlobalSection(SolutionConfigurationPlatforms) = preSolution
		Debug|Any CPU = Debug|Any CPU
		Release|Any CPU = Release|Any CPU
	EndGlobalSection
	GlobalSection(ProjectConfigurationPlatforms) = postSolution
		{7A17F061-5757-4F00-9FEA-0AC3355015AB}.Debug|Any CPU.ActiveCfg = Debug|Any CPU
		{7A17F061-5757-4F00-9FEA-0AC3355015AB}.Debug|Any CPU.Build.0 = Debug|Any CPU
		{7A17F061-5757-4F00-9FEA-0AC3355015AB}.Release|Any CPU.ActiveCfg = Release|Any CPU
		{7A17F061-5757-4F00-9FEA-0AC3355015AB}.Release|Any CPU.Build.0 = Release|Any CPU
		{A40DB0A9-C446-4048-8FEA-1C1184A3F9BB}.Debug|Any CPU.ActiveCfg = Debug|Any CPU
		{A40DB0A9-C446-4048-8FEA-1C1184A3F9BB}.Debug|Any CPU.Build.0 = Debug|Any CPU
		{A40DB0A9-C446-4048-8FEA-1C1184A3F9BB}.Release|Any CPU.ActiveCfg = Release|Any CPU
		{A40DB0A9-C446-4048-8FEA-1C1184A3F9BB}.Release|Any CPU.Build.0 = Release|Any CPU
		{C0B1306C-016D-4553-8A08-5B32B510E099}.Debug|Any CPU.ActiveCfg = Debug|Any CPU
		{C0B1306C-016D-4553-8A08-5B32B510E099}.Debug|Any CPU.Build.0 = Debug|Any CPU
		{C0B1306C-016D-4553-8A08-5B32B510E099}.Release|Any CPU.ActiveCfg = Release|Any CPU
		{C0B1306C-016D-4553-8A08-5B32B510E099}.Release|Any CPU.Build.0 = Release|Any CPU
	EndGlobalSection
EndGlobal
